
Microsoft Visual Studio Solution File, Format Version 12.00
# Visual Studio Version 17
VisualStudioVersion = 17.7.34221.43
MinimumVisualStudioVersion = 10.0.40219.1
Project("{8BC9CEB8-8B4A-11D0-8D11-00A0C91BC942}") = "Inheritance", "Inheritance\Inheritance.vcxproj", "{EA44A940-5861-43E3-BB7C-D8F722782BEE}"
EndProject
Project("{8BC9CEB8-8B4A-11D0-8D11-00A0C91BC942}") = "Academy", "Academy\Academy.vcxproj", "{1767E721-B465-4328-A715-640585BC71AD}"
EndProject
Project("{8BC9CEB8-8B4A-11D0-8D11-00A0C91BC942}") = "Files", "Files\Files.vcxproj", "{39524A0B-8725-4AED-82F2-5F5FE249AA24}"
EndProject
Project("{8BC9CEB8-8B4A-11D0-8D11-00A0C91BC942}") = "AbstractBaseClass", "AbstractBaseClass\AbstractBaseClass.vcxproj", "{C279583B-2BDD-4C70-B285-BBCFE7DF7F53}"
EndProject
Global
	GlobalSection(SolutionConfigurationPlatforms) = preSolution
		Debug|x64 = Debug|x64
		Debug|x86 = Debug|x86
		Release|x64 = Release|x64
		Release|x86 = Release|x86
	EndGlobalSection
	GlobalSection(ProjectConfigurationPlatforms) = postSolution
		{EA44A940-5861-43E3-BB7C-D8F722782BEE}.Debug|x64.ActiveCfg = Debug|x64
		{EA44A940-5861-43E3-BB7C-D8F722782BEE}.Debug|x64.Build.0 = Debug|x64
		{EA44A940-5861-43E3-BB7C-D8F722782BEE}.Debug|x86.ActiveCfg = Debug|Win32
		{EA44A940-5861-43E3-BB7C-D8F722782BEE}.Debug|x86.Build.0 = Debug|Win32
		{EA44A940-5861-43E3-BB7C-D8F722782BEE}.Release|x64.ActiveCfg = Release|x64
		{EA44A940-5861-43E3-BB7C-D8F722782BEE}.Release|x64.Build.0 = Release|x64
		{EA44A940-5861-43E3-BB7C-D8F722782BEE}.Release|x86.ActiveCfg = Release|Win32
		{EA44A940-5861-43E3-BB7C-D8F722782BEE}.Release|x86.Build.0 = Release|Win32
		{1767E721-B465-4328-A715-640585BC71AD}.Debug|x64.ActiveCfg = Debug|x64
		{1767E721-B465-4328-A715-640585BC71AD}.Debug|x64.Build.0 = Debug|x64
		{1767E721-B465-4328-A715-640585BC71AD}.Debug|x86.ActiveCfg = Debug|Win32
		{1767E721-B465-4328-A715-640585BC71AD}.Debug|x86.Build.0 = Debug|Win32
		{1767E721-B465-4328-A715-640585BC71AD}.Release|x64.ActiveCfg = Release|x64
		{1767E721-B465-4328-A715-640585BC71AD}.Release|x64.Build.0 = Release|x64
		{1767E721-B465-4328-A715-640585BC71AD}.Release|x86.ActiveCfg = Release|Win32
		{1767E721-B465-4328-A715-640585BC71AD}.Release|x86.Build.0 = Release|Win32
		{39524A0B-8725-4AED-82F2-5F5FE249AA24}.Debug|x64.ActiveCfg = Debug|x64
		{39524A0B-8725-4AED-82F2-5F5FE249AA24}.Debug|x64.Build.0 = Debug|x64
		{39524A0B-8725-4AED-82F2-5F5FE249AA24}.Debug|x86.ActiveCfg = Debug|Win32
		{39524A0B-8725-4AED-82F2-5F5FE249AA24}.Debug|x86.Build.0 = Debug|Win32
		{39524A0B-8725-4AED-82F2-5F5FE249AA24}.Release|x64.ActiveCfg = Release|x64
		{39524A0B-8725-4AED-82F2-5F5FE249AA24}.Release|x64.Build.0 = Release|x64
		{39524A0B-8725-4AED-82F2-5F5FE249AA24}.Release|x86.ActiveCfg = Release|Win32
		{39524A0B-8725-4AED-82F2-5F5FE249AA24}.Release|x86.Build.0 = Release|Win32
		{C279583B-2BDD-4C70-B285-BBCFE7DF7F53}.Debug|x64.ActiveCfg = Debug|x64
		{C279583B-2BDD-4C70-B285-BBCFE7DF7F53}.Debug|x64.Build.0 = Debug|x64
		{C279583B-2BDD-4C70-B285-BBCFE7DF7F53}.Debug|x86.ActiveCfg = Debug|Win32
		{C279583B-2BDD-4C70-B285-BBCFE7DF7F53}.Debug|x86.Build.0 = Debug|Win32
		{C279583B-2BDD-4C70-B285-BBCFE7DF7F53}.Release|x64.ActiveCfg = Release|x64
		{C279583B-2BDD-4C70-B285-BBCFE7DF7F53}.Release|x64.Build.0 = Release|x64
		{C279583B-2BDD-4C70-B285-BBCFE7DF7F53}.Release|x86.ActiveCfg = Release|Win32
		{C279583B-2BDD-4C70-B285-BBCFE7DF7F53}.Release|x86.Build.0 = Release|Win32
	EndGlobalSection
	GlobalSection(SolutionProperties) = preSolution
		HideSolutionNode = FALSE
	EndGlobalSection
	GlobalSection(ExtensibilityGlobals) = postSolution
		SolutionGuid = {476E40CE-1714-438D-B35E-E5620BE39796}
	EndGlobalSection
EndGlobal
